
Microsoft Visual Studio Solution File, Format Version 12.00
# Visual Studio Version 17
VisualStudioVersion = 17.9.34616.47
MinimumVisualStudioVersion = 10.0.40219.1
Project("{FAE04EC0-301F-11D3-BF4B-00C04F79EFBC}") = "Server", "Server\Server.csproj", "{FCACA97D-5180-40CC-9979-C40F371B461C}"
EndProject
Project("{FAE04EC0-301F-11D3-BF4B-00C04F79EFBC}") = "Client", "Client\Client.csproj", "{D707210C-2FBE-4F84-BB0A-80ED63266B8E}"
EndProject
Global
	GlobalSection(SolutionConfigurationPlatforms) = preSolution
		Debug|Any CPU = Debug|Any CPU
		Release|Any CPU = Release|Any CPU
	EndGlobalSection
	GlobalSection(ProjectConfigurationPlatforms) = postSolution
		{FCACA97D-5180-40CC-9979-C40F371B461C}.Debug|Any CPU.ActiveCfg = Debug|Any CPU
		{FCACA97D-5180-40CC-9979-C40F371B461C}.Debug|Any CPU.Build.0 = Debug|Any CPU
		{FCACA97D-5180-40CC-9979-C40F371B461C}.Release|Any CPU.ActiveCfg = Release|Any CPU
		{FCACA97D-5180-40CC-9979-C40F371B461C}.Release|Any CPU.Build.0 = Release|Any CPU
		{D707210C-2FBE-4F84-BB0A-80ED63266B8E}.Debug|Any CPU.ActiveCfg = Debug|Any CPU
		{D707210C-2FBE-4F84-BB0A-80ED63266B8E}.Debug|Any CPU.Build.0 = Debug|Any CPU
		{D707210C-2FBE-4F84-BB0A-80ED63266B8E}.Release|Any CPU.ActiveCfg = Release|Any CPU
		{D707210C-2FBE-4F84-BB0A-80ED63266B8E}.Release|Any CPU.Build.0 = Release|Any CPU
	EndGlobalSection
	GlobalSection(SolutionProperties) = preSolution
		HideSolutionNode = FALSE
	EndGlobalSection
	GlobalSection(ExtensibilityGlobals) = postSolution
		SolutionGuid = {011C6551-E8C4-4465-8E44-84BECE040D20}
	EndGlobalSection
EndGlobal
